// !$*UTF8*$!
{
	archiveVersion = 1;
	classes = {
	};
	objectVersion = 50;
	objects = {

/* Begin PBXBuildFile section */
		8811E2E320E5D2650096FCBF /* StorageManager.m in Sources */ = {isa = PBXBuildFile; fileRef = 8811E2E020E5D2650096FCBF /* StorageManager.m */; };
		8811E2E420E5D2650096FCBF /* FileUtils.m in Sources */ = {isa = PBXBuildFile; fileRef = 8811E2E120E5D2650096FCBF /* FileUtils.m */; };
		8811E2E720E5DAA60096FCBF /* BaseModel.m in Sources */ = {isa = PBXBuildFile; fileRef = 8811E2E520E5DAA60096FCBF /* BaseModel.m */; };
		8811E2EA20E5DAB10096FCBF /* DataModel.m in Sources */ = {isa = PBXBuildFile; fileRef = 8811E2E820E5DAB00096FCBF /* DataModel.m */; };
		881D87E020E07E23005B1454 /* TestViewController.swift in Sources */ = {isa = PBXBuildFile; fileRef = 881D87DF20E07E23005B1454 /* TestViewController.swift */; };
		881D87E820E097FD005B1454 /* TestOneViewController.swift in Sources */ = {isa = PBXBuildFile; fileRef = 881D87E720E097FD005B1454 /* TestOneViewController.swift */; };
		881D87EA20E09809005B1454 /* TestTwoViewController.swift in Sources */ = {isa = PBXBuildFile; fileRef = 881D87E920E09809005B1454 /* TestTwoViewController.swift */; };
		881D87EF20E0B3B0005B1454 /* BaseTabBarController.swift in Sources */ = {isa = PBXBuildFile; fileRef = 881D87EE20E0B3B0005B1454 /* BaseTabBarController.swift */; };
		881D87F120E0BB41005B1454 /* TestOneTableViewCell.swift in Sources */ = {isa = PBXBuildFile; fileRef = 881D87F020E0BB41005B1454 /* TestOneTableViewCell.swift */; };
		881D87F320E0C258005B1454 /* TestOneHeadView.swift in Sources */ = {isa = PBXBuildFile; fileRef = 881D87F220E0C258005B1454 /* TestOneHeadView.swift */; };
		881D87F520E0C492005B1454 /* ExtensionView.swift in Sources */ = {isa = PBXBuildFile; fileRef = 881D87F420E0C492005B1454 /* ExtensionView.swift */; };
		881D87F720E0C8E8005B1454 /* TestOneView.swift in Sources */ = {isa = PBXBuildFile; fileRef = 881D87F620E0C8E8005B1454 /* TestOneView.swift */; };
		884819A820EDBE7100A367A3 /* MJEnum.swift in Sources */ = {isa = PBXBuildFile; fileRef = 884819A720EDBE7100A367A3 /* MJEnum.swift */; };
		884819AA20EDC4FA00A367A3 /* ZZNavBarTransparent.swift in Sources */ = {isa = PBXBuildFile; fileRef = 884819A920EDC4FA00A367A3 /* ZZNavBarTransparent.swift */; };
		884819AF20EDFBD000A367A3 /* WebView.swift in Sources */ = {isa = PBXBuildFile; fileRef = 884819AC20EDFBCF00A367A3 /* WebView.swift */; };
		884819B020EDFBD000A367A3 /* WKJSPOST.html in Resources */ = {isa = PBXBuildFile; fileRef = 884819AD20EDFBD000A367A3 /* WKJSPOST.html */; };
		884819B120EDFBD000A367A3 /* WkwebViewConfig.swift in Sources */ = {isa = PBXBuildFile; fileRef = 884819AE20EDFBD000A367A3 /* WkwebViewConfig.swift */; };
		884819B320EDFC5600A367A3 /* test.html in Resources */ = {isa = PBXBuildFile; fileRef = 884819B220EDFC5600A367A3 /* test.html */; };
		884819B520EDFCB200A367A3 /* YF.swift in Sources */ = {isa = PBXBuildFile; fileRef = 884819B420EDFCB200A367A3 /* YF.swift */; };
		884A8E6320DC9AD1007CF80C /* BaseTableViewController.swift in Sources */ = {isa = PBXBuildFile; fileRef = 884A8E6220DC9AD1007CF80C /* BaseTableViewController.swift */; };
		884A8E6620DC9C77007CF80C /* Enum.swift in Sources */ = {isa = PBXBuildFile; fileRef = 884A8E6520DC9C77007CF80C /* Enum.swift */; };
		884A8E6820DCA208007CF80C /* BaseRefreshViewController.swift in Sources */ = {isa = PBXBuildFile; fileRef = 884A8E6720DCA208007CF80C /* BaseRefreshViewController.swift */; };
		8853168220DB853600CC9EA2 /* AppDelegate.swift in Sources */ = {isa = PBXBuildFile; fileRef = 8853168120DB853600CC9EA2 /* AppDelegate.swift */; };
		8853168420DB853600CC9EA2 /* ViewController.swift in Sources */ = {isa = PBXBuildFile; fileRef = 8853168320DB853600CC9EA2 /* ViewController.swift */; };
		8853168720DB853600CC9EA2 /* Main.storyboard in Resources */ = {isa = PBXBuildFile; fileRef = 8853168520DB853600CC9EA2 /* Main.storyboard */; };
		8853168A20DB853600CC9EA2 /* NBHHDemo.xcdatamodeld in Sources */ = {isa = PBXBuildFile; fileRef = 8853168820DB853600CC9EA2 /* NBHHDemo.xcdatamodeld */; };
		8853168C20DB853900CC9EA2 /* Assets.xcassets in Resources */ = {isa = PBXBuildFile; fileRef = 8853168B20DB853900CC9EA2 /* Assets.xcassets */; };
		8853168F20DB853900CC9EA2 /* LaunchScreen.storyboard in Resources */ = {isa = PBXBuildFile; fileRef = 8853168D20DB853900CC9EA2 /* LaunchScreen.storyboard */; };
		885316A520DB8A2000CC9EA2 /* AFColor.swift in Sources */ = {isa = PBXBuildFile; fileRef = 885316A320DB8A2000CC9EA2 /* AFColor.swift */; };
		885316A620DB8A2000CC9EA2 /* ExtensionString.swift in Sources */ = {isa = PBXBuildFile; fileRef = 885316A420DB8A2000CC9EA2 /* ExtensionString.swift */; };
		885316A920DB8A2C00CC9EA2 /* NetworkError.swift in Sources */ = {isa = PBXBuildFile; fileRef = 885316A720DB8A2C00CC9EA2 /* NetworkError.swift */; };
		885316AA20DB8A2C00CC9EA2 /* Model.swift in Sources */ = {isa = PBXBuildFile; fileRef = 885316A820DB8A2C00CC9EA2 /* Model.swift */; };
		885316AD20DB8A3700CC9EA2 /* AFNManager.swift in Sources */ = {isa = PBXBuildFile; fileRef = 885316AB20DB8A3700CC9EA2 /* AFNManager.swift */; };
		885316AE20DB8A3700CC9EA2 /* Manager.swift in Sources */ = {isa = PBXBuildFile; fileRef = 885316AC20DB8A3700CC9EA2 /* Manager.swift */; };
		885316B520DB8A8E00CC9EA2 /* LoginView.swift in Sources */ = {isa = PBXBuildFile; fileRef = 885316B420DB8A8E00CC9EA2 /* LoginView.swift */; };
		885316B820DB8CF800CC9EA2 /* BaseViewController.swift in Sources */ = {isa = PBXBuildFile; fileRef = 885316B720DB8CF800CC9EA2 /* BaseViewController.swift */; };
		885A918220E9BFCE004BFA4A /* LoginViewModel.swift in Sources */ = {isa = PBXBuildFile; fileRef = 885A918120E9BFCD004BFA4A /* LoginViewModel.swift */; };
		885A918420E9E2C5004BFA4A /* TestTwoView.swift in Sources */ = {isa = PBXBuildFile; fileRef = 885A918320E9E2C5004BFA4A /* TestTwoView.swift */; };
		885A918720EA06F4004BFA4A /* NSTimer+BlocksKit.m in Sources */ = {isa = PBXBuildFile; fileRef = 885A918620EA06F4004BFA4A /* NSTimer+BlocksKit.m */; };
		885BBC9320EC7D8A000881A6 /* TableViewHeightController.swift in Sources */ = {isa = PBXBuildFile; fileRef = 885BBC9220EC7D8A000881A6 /* TableViewHeightController.swift */; };
		885BBC9520EC7E80000881A6 /* TableViewHeightTableViewCell.swift in Sources */ = {isa = PBXBuildFile; fileRef = 885BBC9420EC7E80000881A6 /* TableViewHeightTableViewCell.swift */; };
		887A313120F36DE70052BB13 /* ReactiveCocoaExtension.swift in Sources */ = {isa = PBXBuildFile; fileRef = 887A313020F36DE70052BB13 /* ReactiveCocoaExtension.swift */; };
		9A077ADC20DFA93E00799922 /* TestTableViewCell.swift in Sources */ = {isa = PBXBuildFile; fileRef = 9A077ADB20DFA93E00799922 /* TestTableViewCell.swift */; };
		9A6EFC7A20E515AA0085551E /* MLNavigationController.m in Sources */ = {isa = PBXBuildFile; fileRef = 9A6EFC7820E515AA0085551E /* MLNavigationController.m */; };
		9A6EFC7E20E51E500085551E /* ZZDiskCache.swift in Sources */ = {isa = PBXBuildFile; fileRef = 9A6EFC7B20E51E4F0085551E /* ZZDiskCache.swift */; };
		9A6EFC7F20E51E500085551E /* ZZDiskCacheHelper.swift in Sources */ = {isa = PBXBuildFile; fileRef = 9A6EFC7C20E51E500085551E /* ZZDiskCacheHelper.swift */; };
		9A6EFC8020E51E500085551E /* String+MD5.swift in Sources */ = {isa = PBXBuildFile; fileRef = 9A6EFC7D20E51E500085551E /* String+MD5.swift */; };
		9A6EFC8220E51EFB0085551E /* Student.swift in Sources */ = {isa = PBXBuildFile; fileRef = 9A6EFC8120E51EFB0085551E /* Student.swift */; };
		B9CEF551BE74CA98EAF82D37 /* Pods_NBHHDemo.framework in Frameworks */ = {isa = PBXBuildFile; fileRef = EF8BB95EED29EF6726E6B2CB /* Pods_NBHHDemo.framework */; };
/* End PBXBuildFile section */

/* Begin PBXFileReference section */
		3BFE02F5C13AF500DE664400 /* Pods-NBHHDemo.release.xcconfig */ = {isa = PBXFileReference; includeInIndex = 1; lastKnownFileType = text.xcconfig; name = "Pods-NBHHDemo.release.xcconfig"; path = "Pods/Target Support Files/Pods-NBHHDemo/Pods-NBHHDemo.release.xcconfig"; sourceTree = "<group>"; };
		8811E2DF20E5D2650096FCBF /* FileUtils.h */ = {isa = PBXFileReference; fileEncoding = 4; lastKnownFileType = sourcecode.c.h; path = FileUtils.h; sourceTree = "<group>"; };
		8811E2E020E5D2650096FCBF /* StorageManager.m */ = {isa = PBXFileReference; fileEncoding = 4; lastKnownFileType = sourcecode.c.objc; path = StorageManager.m; sourceTree = "<group>"; };
		8811E2E120E5D2650096FCBF /* FileUtils.m */ = {isa = PBXFileReference; fileEncoding = 4; lastKnownFileType = sourcecode.c.objc; path = FileUtils.m; sourceTree = "<group>"; };
		8811E2E220E5D2650096FCBF /* StorageManager.h */ = {isa = PBXFileReference; fileEncoding = 4; lastKnownFileType = sourcecode.c.h; path = StorageManager.h; sourceTree = "<group>"; };
		8811E2E520E5DAA60096FCBF /* BaseModel.m */ = {isa = PBXFileReference; fileEncoding = 4; lastKnownFileType = sourcecode.c.objc; path = BaseModel.m; sourceTree = "<group>"; };
		8811E2E620E5DAA60096FCBF /* BaseModel.h */ = {isa = PBXFileReference; fileEncoding = 4; lastKnownFileType = sourcecode.c.h; path = BaseModel.h; sourceTree = "<group>"; };
		8811E2E820E5DAB00096FCBF /* DataModel.m */ = {isa = PBXFileReference; fileEncoding = 4; lastKnownFileType = sourcecode.c.objc; path = DataModel.m; sourceTree = "<group>"; };
		8811E2E920E5DAB10096FCBF /* DataModel.h */ = {isa = PBXFileReference; fileEncoding = 4; lastKnownFileType = sourcecode.c.h; path = DataModel.h; sourceTree = "<group>"; };
		881D87DF20E07E23005B1454 /* TestViewController.swift */ = {isa = PBXFileReference; lastKnownFileType = sourcecode.swift; path = TestViewController.swift; sourceTree = "<group>"; };
		881D87E720E097FD005B1454 /* TestOneViewController.swift */ = {isa = PBXFileReference; lastKnownFileType = sourcecode.swift; path = TestOneViewController.swift; sourceTree = "<group>"; };
		881D87E920E09809005B1454 /* TestTwoViewController.swift */ = {isa = PBXFileReference; lastKnownFileType = sourcecode.swift; path = TestTwoViewController.swift; sourceTree = "<group>"; };
		881D87EE20E0B3B0005B1454 /* BaseTabBarController.swift */ = {isa = PBXFileReference; lastKnownFileType = sourcecode.swift; path = BaseTabBarController.swift; sourceTree = "<group>"; };
		881D87F020E0BB41005B1454 /* TestOneTableViewCell.swift */ = {isa = PBXFileReference; lastKnownFileType = sourcecode.swift; path = TestOneTableViewCell.swift; sourceTree = "<group>"; };
		881D87F220E0C258005B1454 /* TestOneHeadView.swift */ = {isa = PBXFileReference; lastKnownFileType = sourcecode.swift; path = TestOneHeadView.swift; sourceTree = "<group>"; };
		881D87F420E0C492005B1454 /* ExtensionView.swift */ = {isa = PBXFileReference; lastKnownFileType = sourcecode.swift; path = ExtensionView.swift; sourceTree = "<group>"; };
		881D87F620E0C8E8005B1454 /* TestOneView.swift */ = {isa = PBXFileReference; lastKnownFileType = sourcecode.swift; path = TestOneView.swift; sourceTree = "<group>"; };
		884819A720EDBE7100A367A3 /* MJEnum.swift */ = {isa = PBXFileReference; lastKnownFileType = sourcecode.swift; path = MJEnum.swift; sourceTree = "<group>"; };
		884819A920EDC4FA00A367A3 /* ZZNavBarTransparent.swift */ = {isa = PBXFileReference; fileEncoding = 4; lastKnownFileType = sourcecode.swift; path = ZZNavBarTransparent.swift; sourceTree = "<group>"; };
		884819AC20EDFBCF00A367A3 /* WebView.swift */ = {isa = PBXFileReference; fileEncoding = 4; lastKnownFileType = sourcecode.swift; path = WebView.swift; sourceTree = "<group>"; };
		884819AD20EDFBD000A367A3 /* WKJSPOST.html */ = {isa = PBXFileReference; fileEncoding = 4; lastKnownFileType = text.html; path = WKJSPOST.html; sourceTree = "<group>"; };
		884819AE20EDFBD000A367A3 /* WkwebViewConfig.swift */ = {isa = PBXFileReference; fileEncoding = 4; lastKnownFileType = sourcecode.swift; path = WkwebViewConfig.swift; sourceTree = "<group>"; };
		884819B220EDFC5600A367A3 /* test.html */ = {isa = PBXFileReference; fileEncoding = 4; lastKnownFileType = text.html; path = test.html; sourceTree = "<group>"; };
		884819B420EDFCB200A367A3 /* YF.swift */ = {isa = PBXFileReference; lastKnownFileType = sourcecode.swift; path = YF.swift; sourceTree = "<group>"; };
		884A8E6220DC9AD1007CF80C /* BaseTableViewController.swift */ = {isa = PBXFileReference; lastKnownFileType = sourcecode.swift; path = BaseTableViewController.swift; sourceTree = "<group>"; };
		884A8E6520DC9C77007CF80C /* Enum.swift */ = {isa = PBXFileReference; lastKnownFileType = sourcecode.swift; path = Enum.swift; sourceTree = "<group>"; };
		884A8E6720DCA208007CF80C /* BaseRefreshViewController.swift */ = {isa = PBXFileReference; lastKnownFileType = sourcecode.swift; path = BaseRefreshViewController.swift; sourceTree = "<group>"; };
		8853167E20DB853600CC9EA2 /* NBHHDemo.app */ = {isa = PBXFileReference; explicitFileType = wrapper.application; includeInIndex = 0; path = NBHHDemo.app; sourceTree = BUILT_PRODUCTS_DIR; };
		8853168120DB853600CC9EA2 /* AppDelegate.swift */ = {isa = PBXFileReference; lastKnownFileType = sourcecode.swift; path = AppDelegate.swift; sourceTree = "<group>"; };
		8853168320DB853600CC9EA2 /* ViewController.swift */ = {isa = PBXFileReference; lastKnownFileType = sourcecode.swift; path = ViewController.swift; sourceTree = "<group>"; };
		8853168620DB853600CC9EA2 /* Base */ = {isa = PBXFileReference; lastKnownFileType = file.storyboard; name = Base; path = Base.lproj/Main.storyboard; sourceTree = "<group>"; };
		8853168920DB853600CC9EA2 /* NBHHDemo.xcdatamodel */ = {isa = PBXFileReference; lastKnownFileType = wrapper.xcdatamodel; path = NBHHDemo.xcdatamodel; sourceTree = "<group>"; };
		8853168B20DB853900CC9EA2 /* Assets.xcassets */ = {isa = PBXFileReference; lastKnownFileType = folder.assetcatalog; path = Assets.xcassets; sourceTree = "<group>"; };
		8853168E20DB853900CC9EA2 /* Base */ = {isa = PBXFileReference; lastKnownFileType = file.storyboard; name = Base; path = Base.lproj/LaunchScreen.storyboard; sourceTree = "<group>"; };
		8853169020DB853900CC9EA2 /* Info.plist */ = {isa = PBXFileReference; lastKnownFileType = text.plist.xml; path = Info.plist; sourceTree = "<group>"; };
		8853169920DB88A400CC9EA2 /* Bridging-head.h */ = {isa = PBXFileReference; fileEncoding = 4; lastKnownFileType = sourcecode.c.h; path = "Bridging-head.h"; sourceTree = "<group>"; };
		885316A320DB8A2000CC9EA2 /* AFColor.swift */ = {isa = PBXFileReference; fileEncoding = 4; lastKnownFileType = sourcecode.swift; path = AFColor.swift; sourceTree = "<group>"; };
		885316A420DB8A2000CC9EA2 /* ExtensionString.swift */ = {isa = PBXFileReference; fileEncoding = 4; lastKnownFileType = sourcecode.swift; path = ExtensionString.swift; sourceTree = "<group>"; };
		885316A720DB8A2C00CC9EA2 /* NetworkError.swift */ = {isa = PBXFileReference; fileEncoding = 4; lastKnownFileType = sourcecode.swift; path = NetworkError.swift; sourceTree = "<group>"; };
		885316A820DB8A2C00CC9EA2 /* Model.swift */ = {isa = PBXFileReference; fileEncoding = 4; lastKnownFileType = sourcecode.swift; path = Model.swift; sourceTree = "<group>"; };
		885316AB20DB8A3700CC9EA2 /* AFNManager.swift */ = {isa = PBXFileReference; fileEncoding = 4; lastKnownFileType = sourcecode.swift; path = AFNManager.swift; sourceTree = "<group>"; };
		885316AC20DB8A3700CC9EA2 /* Manager.swift */ = {isa = PBXFileReference; fileEncoding = 4; lastKnownFileType = sourcecode.swift; path = Manager.swift; sourceTree = "<group>"; };
		885316B420DB8A8E00CC9EA2 /* LoginView.swift */ = {isa = PBXFileReference; fileEncoding = 4; lastKnownFileType = sourcecode.swift; path = LoginView.swift; sourceTree = "<group>"; };
		885316B720DB8CF800CC9EA2 /* BaseViewController.swift */ = {isa = PBXFileReference; lastKnownFileType = sourcecode.swift; path = BaseViewController.swift; sourceTree = "<group>"; };
		885A918120E9BFCD004BFA4A /* LoginViewModel.swift */ = {isa = PBXFileReference; lastKnownFileType = sourcecode.swift; path = LoginViewModel.swift; sourceTree = "<group>"; };
		885A918320E9E2C5004BFA4A /* TestTwoView.swift */ = {isa = PBXFileReference; lastKnownFileType = sourcecode.swift; path = TestTwoView.swift; sourceTree = "<group>"; };
		885A918520EA06F3004BFA4A /* NSTimer+BlocksKit.h */ = {isa = PBXFileReference; fileEncoding = 4; lastKnownFileType = sourcecode.c.h; path = "NSTimer+BlocksKit.h"; sourceTree = "<group>"; };
		885A918620EA06F4004BFA4A /* NSTimer+BlocksKit.m */ = {isa = PBXFileReference; fileEncoding = 4; lastKnownFileType = sourcecode.c.objc; path = "NSTimer+BlocksKit.m"; sourceTree = "<group>"; };
		885BBC9220EC7D8A000881A6 /* TableViewHeightController.swift */ = {isa = PBXFileReference; lastKnownFileType = sourcecode.swift; path = TableViewHeightController.swift; sourceTree = "<group>"; };
		885BBC9420EC7E80000881A6 /* TableViewHeightTableViewCell.swift */ = {isa = PBXFileReference; lastKnownFileType = sourcecode.swift; path = TableViewHeightTableViewCell.swift; sourceTree = "<group>"; };
		887A313020F36DE70052BB13 /* ReactiveCocoaExtension.swift */ = {isa = PBXFileReference; fileEncoding = 4; lastKnownFileType = sourcecode.swift; path = ReactiveCocoaExtension.swift; sourceTree = "<group>"; };
		9A077ADB20DFA93E00799922 /* TestTableViewCell.swift */ = {isa = PBXFileReference; lastKnownFileType = sourcecode.swift; path = TestTableViewCell.swift; sourceTree = "<group>"; };
		9A6EFC7820E515AA0085551E /* MLNavigationController.m */ = {isa = PBXFileReference; fileEncoding = 4; lastKnownFileType = sourcecode.c.objc; path = MLNavigationController.m; sourceTree = "<group>"; };
		9A6EFC7920E515AA0085551E /* MLNavigationController.h */ = {isa = PBXFileReference; fileEncoding = 4; lastKnownFileType = sourcecode.c.h; path = MLNavigationController.h; sourceTree = "<group>"; };
		9A6EFC7B20E51E4F0085551E /* ZZDiskCache.swift */ = {isa = PBXFileReference; fileEncoding = 4; lastKnownFileType = sourcecode.swift; path = ZZDiskCache.swift; sourceTree = "<group>"; };
		9A6EFC7C20E51E500085551E /* ZZDiskCacheHelper.swift */ = {isa = PBXFileReference; fileEncoding = 4; lastKnownFileType = sourcecode.swift; path = ZZDiskCacheHelper.swift; sourceTree = "<group>"; };
		9A6EFC7D20E51E500085551E /* String+MD5.swift */ = {isa = PBXFileReference; fileEncoding = 4; lastKnownFileType = sourcecode.swift; path = "String+MD5.swift"; sourceTree = "<group>"; };
		9A6EFC8120E51EFB0085551E /* Student.swift */ = {isa = PBXFileReference; fileEncoding = 4; lastKnownFileType = sourcecode.swift; path = Student.swift; sourceTree = "<group>"; };
		E802C2266EBB95D9EB54E0B9 /* Pods-NBHHDemo.debug.xcconfig */ = {isa = PBXFileReference; includeInIndex = 1; lastKnownFileType = text.xcconfig; name = "Pods-NBHHDemo.debug.xcconfig"; path = "Pods/Target Support Files/Pods-NBHHDemo/Pods-NBHHDemo.debug.xcconfig"; sourceTree = "<group>"; };
		EF8BB95EED29EF6726E6B2CB /* Pods_NBHHDemo.framework */ = {isa = PBXFileReference; explicitFileType = wrapper.framework; includeInIndex = 0; path = Pods_NBHHDemo.framework; sourceTree = BUILT_PRODUCTS_DIR; };
/* End PBXFileReference section */

/* Begin PBXFrameworksBuildPhase section */
		8853167B20DB853600CC9EA2 /* Frameworks */ = {
			isa = PBXFrameworksBuildPhase;
			buildActionMask = 2147483647;
			files = (
				B9CEF551BE74CA98EAF82D37 /* Pods_NBHHDemo.framework in Frameworks */,
			);
			runOnlyForDeploymentPostprocessing = 0;
		};
/* End PBXFrameworksBuildPhase section */

/* Begin PBXGroup section */
		01CA858E8EC2B762E1365FD0 /* Frameworks */ = {
			isa = PBXGroup;
			children = (
				EF8BB95EED29EF6726E6B2CB /* Pods_NBHHDemo.framework */,
			);
			name = Frameworks;
			sourceTree = "<group>";
		};
		884819AB20EDFBCF00A367A3 /* WKWebView */ = {
			isa = PBXGroup;
			children = (
				884819B220EDFC5600A367A3 /* test.html */,
				884819AC20EDFBCF00A367A3 /* WebView.swift */,
				884819AD20EDFBD000A367A3 /* WKJSPOST.html */,
				884819AE20EDFBD000A367A3 /* WkwebViewConfig.swift */,
				884819B420EDFCB200A367A3 /* YF.swift */,
			);
			path = WKWebView;
			sourceTree = "<group>";
		};
		884A8E6420DC9C64007CF80C /* Enum */ = {
			isa = PBXGroup;
			children = (
				884A8E6520DC9C77007CF80C /* Enum.swift */,
			);
			path = Enum;
			sourceTree = "<group>";
		};
		8853167520DB853600CC9EA2 = {
			isa = PBXGroup;
			children = (
				8853168020DB853600CC9EA2 /* NBHHDemo */,
				8853167F20DB853600CC9EA2 /* Products */,
				F68505475F5BB8F4ECDDC5C3 /* Pods */,
				01CA858E8EC2B762E1365FD0 /* Frameworks */,
			);
			sourceTree = "<group>";
		};
		8853167F20DB853600CC9EA2 /* Products */ = {
			isa = PBXGroup;
			children = (
				8853167E20DB853600CC9EA2 /* NBHHDemo.app */,
			);
			name = Products;
			sourceTree = "<group>";
		};
		8853168020DB853600CC9EA2 /* NBHHDemo */ = {
			isa = PBXGroup;
			children = (
				8853168120DB853600CC9EA2 /* AppDelegate.swift */,
				8853168320DB853600CC9EA2 /* ViewController.swift */,
				8853168520DB853600CC9EA2 /* Main.storyboard */,
				8853168B20DB853900CC9EA2 /* Assets.xcassets */,
				8853168D20DB853900CC9EA2 /* LaunchScreen.storyboard */,
				8853169020DB853900CC9EA2 /* Info.plist */,
				8853168820DB853600CC9EA2 /* NBHHDemo.xcdatamodeld */,
				8853169720DB886300CC9EA2 /* NBHH */,
				8853169620DB87FE00CC9EA2 /* ZMJKit */,
			);
			path = NBHHDemo;
			sourceTree = "<group>";
		};
		8853169620DB87FE00CC9EA2 /* ZMJKit */ = {
			isa = PBXGroup;
			children = (
				884A8E6420DC9C64007CF80C /* Enum */,
				885316B620DB8CE900CC9EA2 /* BaseViewController */,
				885316A020DB8A1500CC9EA2 /* Extension */,
				885316A220DB8A1500CC9EA2 /* Manager */,
				885316A120DB8A1500CC9EA2 /* Model */,
				8853169820DB888C00CC9EA2 /* OC */,
			);
			path = ZMJKit;
			sourceTree = "<group>";
		};
		8853169720DB886300CC9EA2 /* NBHH */ = {
			isa = PBXGroup;
			children = (
				885A918020E9BFBD004BFA4A /* ViewModel */,
				9A077ADA20DFA92800799922 /* ViewController */,
				885316B020DB8A7E00CC9EA2 /* View */,
			);
			path = NBHH;
			sourceTree = "<group>";
		};
		8853169820DB888C00CC9EA2 /* OC */ = {
			isa = PBXGroup;
			children = (
				885A918520EA06F3004BFA4A /* NSTimer+BlocksKit.h */,
				885A918620EA06F4004BFA4A /* NSTimer+BlocksKit.m */,
				8811E2E620E5DAA60096FCBF /* BaseModel.h */,
				8811E2E520E5DAA60096FCBF /* BaseModel.m */,
				8811E2E920E5DAB10096FCBF /* DataModel.h */,
				8811E2E820E5DAB00096FCBF /* DataModel.m */,
				8811E2DF20E5D2650096FCBF /* FileUtils.h */,
				8811E2E120E5D2650096FCBF /* FileUtils.m */,
				8811E2E220E5D2650096FCBF /* StorageManager.h */,
				8811E2E020E5D2650096FCBF /* StorageManager.m */,
				9A6EFC7720E515AA0085551E /* MLNavigationController */,
				8853169920DB88A400CC9EA2 /* Bridging-head.h */,
			);
			path = OC;
			sourceTree = "<group>";
		};
		885316A020DB8A1500CC9EA2 /* Extension */ = {
			isa = PBXGroup;
			children = (
				884819AB20EDFBCF00A367A3 /* WKWebView */,
				884819A920EDC4FA00A367A3 /* ZZNavBarTransparent.swift */,
				885316A420DB8A2000CC9EA2 /* ExtensionString.swift */,
				885316A320DB8A2000CC9EA2 /* AFColor.swift */,
				881D87F420E0C492005B1454 /* ExtensionView.swift */,
				887A313020F36DE70052BB13 /* ReactiveCocoaExtension.swift */,
				884819A720EDBE7100A367A3 /* MJEnum.swift */,
			);
			path = Extension;
			sourceTree = "<group>";
		};
		885316A120DB8A1500CC9EA2 /* Model */ = {
			isa = PBXGroup;
			children = (
				9A6EFC8120E51EFB0085551E /* Student.swift */,
				885316A820DB8A2C00CC9EA2 /* Model.swift */,
				885316A720DB8A2C00CC9EA2 /* NetworkError.swift */,
			);
			path = Model;
			sourceTree = "<group>";
		};
		885316A220DB8A1500CC9EA2 /* Manager */ = {
			isa = PBXGroup;
			children = (
				885316AB20DB8A3700CC9EA2 /* AFNManager.swift */,
				885316AC20DB8A3700CC9EA2 /* Manager.swift */,
				9A6EFC7D20E51E500085551E /* String+MD5.swift */,
				9A6EFC7B20E51E4F0085551E /* ZZDiskCache.swift */,
				9A6EFC7C20E51E500085551E /* ZZDiskCacheHelper.swift */,
			);
			path = Manager;
			sourceTree = "<group>";
		};
		885316B020DB8A7E00CC9EA2 /* View */ = {
			isa = PBXGroup;
			children = (
				885316B420DB8A8E00CC9EA2 /* LoginView.swift */,
				881D87F620E0C8E8005B1454 /* TestOneView.swift */,
				885A918320E9E2C5004BFA4A /* TestTwoView.swift */,
			);
			path = View;
			sourceTree = "<group>";
		};
		885316B620DB8CE900CC9EA2 /* BaseViewController */ = {
			isa = PBXGroup;
			children = (
				885316B720DB8CF800CC9EA2 /* BaseViewController.swift */,
				884A8E6220DC9AD1007CF80C /* BaseTableViewController.swift */,
				884A8E6720DCA208007CF80C /* BaseRefreshViewController.swift */,
				881D87EE20E0B3B0005B1454 /* BaseTabBarController.swift */,
			);
			path = BaseViewController;
			sourceTree = "<group>";
		};
		885A918020E9BFBD004BFA4A /* ViewModel */ = {
			isa = PBXGroup;
			children = (
				885A918120E9BFCD004BFA4A /* LoginViewModel.swift */,
			);
			path = ViewModel;
			sourceTree = "<group>";
		};
		9A077ADA20DFA92800799922 /* ViewController */ = {
			isa = PBXGroup;
			children = (
				9A077ADB20DFA93E00799922 /* TestTableViewCell.swift */,
				881D87DF20E07E23005B1454 /* TestViewController.swift */,
				881D87E720E097FD005B1454 /* TestOneViewController.swift */,
				881D87E920E09809005B1454 /* TestTwoViewController.swift */,
				881D87F020E0BB41005B1454 /* TestOneTableViewCell.swift */,
				881D87F220E0C258005B1454 /* TestOneHeadView.swift */,
				885BBC9220EC7D8A000881A6 /* TableViewHeightController.swift */,
				885BBC9420EC7E80000881A6 /* TableViewHeightTableViewCell.swift */,
			);
			path = ViewController;
			sourceTree = "<group>";
		};
		9A6EFC7720E515AA0085551E /* MLNavigationController */ = {
			isa = PBXGroup;
			children = (
				9A6EFC7820E515AA0085551E /* MLNavigationController.m */,
				9A6EFC7920E515AA0085551E /* MLNavigationController.h */,
			);
			path = MLNavigationController;
			sourceTree = "<group>";
		};
		F68505475F5BB8F4ECDDC5C3 /* Pods */ = {
			isa = PBXGroup;
			children = (
				E802C2266EBB95D9EB54E0B9 /* Pods-NBHHDemo.debug.xcconfig */,
				3BFE02F5C13AF500DE664400 /* Pods-NBHHDemo.release.xcconfig */,
			);
			name = Pods;
			sourceTree = "<group>";
		};
/* End PBXGroup section */

/* Begin PBXNativeTarget section */
		8853167D20DB853600CC9EA2 /* NBHHDemo */ = {
			isa = PBXNativeTarget;
			buildConfigurationList = 8853169320DB853900CC9EA2 /* Build configuration list for PBXNativeTarget "NBHHDemo" */;
			buildPhases = (
				24E16E4977A25E298FFC1B0A /* [CP] Check Pods Manifest.lock */,
				8853167A20DB853600CC9EA2 /* Sources */,
				8853167B20DB853600CC9EA2 /* Frameworks */,
				8853167C20DB853600CC9EA2 /* Resources */,
				283816C4920B6595D9D538EB /* [CP] Embed Pods Frameworks */,
			);
			buildRules = (
			);
			dependencies = (
			);
			name = NBHHDemo;
			productName = NBHHDemo;
			productReference = 8853167E20DB853600CC9EA2 /* NBHHDemo.app */;
			productType = "com.apple.product-type.application";
		};
/* End PBXNativeTarget section */

/* Begin PBXProject section */
		8853167620DB853600CC9EA2 /* Project object */ = {
			isa = PBXProject;
			attributes = {
				LastSwiftUpdateCheck = 0940;
				LastUpgradeCheck = 0940;
				ORGANIZATIONNAME = jktz;
				TargetAttributes = {
					8853167D20DB853600CC9EA2 = {
						CreatedOnToolsVersion = 9.4;
					};
				};
			};
			buildConfigurationList = 8853167920DB853600CC9EA2 /* Build configuration list for PBXProject "NBHHDemo" */;
			compatibilityVersion = "Xcode 9.3";
			developmentRegion = en;
			hasScannedForEncodings = 0;
			knownRegions = (
				en,
				Base,
			);
			mainGroup = 8853167520DB853600CC9EA2;
			productRefGroup = 8853167F20DB853600CC9EA2 /* Products */;
			projectDirPath = "";
			projectRoot = "";
			targets = (
				8853167D20DB853600CC9EA2 /* NBHHDemo */,
			);
		};
/* End PBXProject section */

/* Begin PBXResourcesBuildPhase section */
		8853167C20DB853600CC9EA2 /* Resources */ = {
			isa = PBXResourcesBuildPhase;
			buildActionMask = 2147483647;
			files = (
				8853168F20DB853900CC9EA2 /* LaunchScreen.storyboard in Resources */,
				884819B020EDFBD000A367A3 /* WKJSPOST.html in Resources */,
				8853168C20DB853900CC9EA2 /* Assets.xcassets in Resources */,
				884819B320EDFC5600A367A3 /* test.html in Resources */,
				8853168720DB853600CC9EA2 /* Main.storyboard in Resources */,
			);
			runOnlyForDeploymentPostprocessing = 0;
		};
/* End PBXResourcesBuildPhase section */

/* Begin PBXShellScriptBuildPhase section */
		24E16E4977A25E298FFC1B0A /* [CP] Check Pods Manifest.lock */ = {
			isa = PBXShellScriptBuildPhase;
			buildActionMask = 2147483647;
			files = (
			);
			inputPaths = (
				"${PODS_PODFILE_DIR_PATH}/Podfile.lock",
				"${PODS_ROOT}/Manifest.lock",
			);
			name = "[CP] Check Pods Manifest.lock";
			outputPaths = (
				"$(DERIVED_FILE_DIR)/Pods-NBHHDemo-checkManifestLockResult.txt",
			);
			runOnlyForDeploymentPostprocessing = 0;
			shellPath = /bin/sh;
			shellScript = "diff \"${PODS_PODFILE_DIR_PATH}/Podfile.lock\" \"${PODS_ROOT}/Manifest.lock\" > /dev/null\nif [ $? != 0 ] ; then\n    # print error to STDERR\n    echo \"error: The sandbox is not in sync with the Podfile.lock. Run 'pod install' or update your CocoaPods installation.\" >&2\n    exit 1\nfi\n# This output is used by Xcode 'outputs' to avoid re-running this script phase.\necho \"SUCCESS\" > \"${SCRIPT_OUTPUT_FILE_0}\"\n";
			showEnvVarsInLog = 0;
		};
		283816C4920B6595D9D538EB /* [CP] Embed Pods Frameworks */ = {
			isa = PBXShellScriptBuildPhase;
			buildActionMask = 2147483647;
			files = (
			);
			inputPaths = (
				"${SRCROOT}/Pods/Target Support Files/Pods-NBHHDemo/Pods-NBHHDemo-frameworks.sh",
				"${BUILT_PRODUCTS_DIR}/Alamofire/Alamofire.framework",
				"${BUILT_PRODUCTS_DIR}/HandyJSON/HandyJSON.framework",
				"${BUILT_PRODUCTS_DIR}/IQKeyboardManager/IQKeyboardManager.framework",
				"${BUILT_PRODUCTS_DIR}/JSONModel/JSONModel.framework",
				"${BUILT_PRODUCTS_DIR}/KRActivityIndicatorView/KRActivityIndicatorView.framework",
				"${BUILT_PRODUCTS_DIR}/KRProgressHUD/KRProgressHUD.framework",
				"${BUILT_PRODUCTS_DIR}/Kingfisher/Kingfisher.framework",
				"${BUILT_PRODUCTS_DIR}/Moya/Moya.framework",
				"${BUILT_PRODUCTS_DIR}/ReactiveCocoa/ReactiveCocoa.framework",
				"${BUILT_PRODUCTS_DIR}/ReactiveSwift/ReactiveSwift.framework",
				"${BUILT_PRODUCTS_DIR}/Result/Result.framework",
				"${BUILT_PRODUCTS_DIR}/SDCycleScrollView/SDCycleScrollView.framework",
				"${BUILT_PRODUCTS_DIR}/SDWebImage/SDWebImage.framework",
				"${BUILT_PRODUCTS_DIR}/SnapKit/SnapKit.framework",
				"${BUILT_PRODUCTS_DIR}/SwiftyJSON/SwiftyJSON.framework",
				"${BUILT_PRODUCTS_DIR}/TOCropViewController/TOCropViewController.framework",
				"${BUILT_PRODUCTS_DIR}/YLImagePickerController/YLImagePickerController.framework",
				"${BUILT_PRODUCTS_DIR}/ZVActivityIndicatorView/ZVActivityIndicatorView.framework",
				"${BUILT_PRODUCTS_DIR}/ZVRefreshing/ZVRefreshing.framework",
			);
			name = "[CP] Embed Pods Frameworks";
			outputPaths = (
				"${TARGET_BUILD_DIR}/${FRAMEWORKS_FOLDER_PATH}/Alamofire.framework",
				"${TARGET_BUILD_DIR}/${FRAMEWORKS_FOLDER_PATH}/HandyJSON.framework",
				"${TARGET_BUILD_DIR}/${FRAMEWORKS_FOLDER_PATH}/IQKeyboardManager.framework",
				"${TARGET_BUILD_DIR}/${FRAMEWORKS_FOLDER_PATH}/JSONModel.framework",
				"${TARGET_BUILD_DIR}/${FRAMEWORKS_FOLDER_PATH}/KRActivityIndicatorView.framework",
				"${TARGET_BUILD_DIR}/${FRAMEWORKS_FOLDER_PATH}/KRProgressHUD.framework",
				"${TARGET_BUILD_DIR}/${FRAMEWORKS_FOLDER_PATH}/Kingfisher.framework",
				"${TARGET_BUILD_DIR}/${FRAMEWORKS_FOLDER_PATH}/Moya.framework",
				"${TARGET_BUILD_DIR}/${FRAMEWORKS_FOLDER_PATH}/ReactiveCocoa.framework",
				"${TARGET_BUILD_DIR}/${FRAMEWORKS_FOLDER_PATH}/ReactiveSwift.framework",
				"${TARGET_BUILD_DIR}/${FRAMEWORKS_FOLDER_PATH}/Result.framework",
				"${TARGET_BUILD_DIR}/${FRAMEWORKS_FOLDER_PATH}/SDCycleScrollView.framework",
				"${TARGET_BUILD_DIR}/${FRAMEWORKS_FOLDER_PATH}/SDWebImage.framework",
				"${TARGET_BUILD_DIR}/${FRAMEWORKS_FOLDER_PATH}/SnapKit.framework",
				"${TARGET_BUILD_DIR}/${FRAMEWORKS_FOLDER_PATH}/SwiftyJSON.framework",
				"${TARGET_BUILD_DIR}/${FRAMEWORKS_FOLDER_PATH}/TOCropViewController.framework",
				"${TARGET_BUILD_DIR}/${FRAMEWORKS_FOLDER_PATH}/YLImagePickerController.framework",
				"${TARGET_BUILD_DIR}/${FRAMEWORKS_FOLDER_PATH}/ZVActivityIndicatorView.framework",
				"${TARGET_BUILD_DIR}/${FRAMEWORKS_FOLDER_PATH}/ZVRefreshing.framework",
			);
			runOnlyForDeploymentPostprocessing = 0;
			shellPath = /bin/sh;
			shellScript = "\"${SRCROOT}/Pods/Target Support Files/Pods-NBHHDemo/Pods-NBHHDemo-frameworks.sh\"\n";
			showEnvVarsInLog = 0;
		};
/* End PBXShellScriptBuildPhase section */

/* Begin PBXSourcesBuildPhase section */
		8853167A20DB853600CC9EA2 /* Sources */ = {
			isa = PBXSourcesBuildPhase;
			buildActionMask = 2147483647;
			files = (
				885BBC9520EC7E80000881A6 /* TableViewHeightTableViewCell.swift in Sources */,
				885316AA20DB8A2C00CC9EA2 /* Model.swift in Sources */,
				885A918720EA06F4004BFA4A /* NSTimer+BlocksKit.m in Sources */,
				9A6EFC7E20E51E500085551E /* ZZDiskCache.swift in Sources */,
				884819AA20EDC4FA00A367A3 /* ZZNavBarTransparent.swift in Sources */,
				885316AD20DB8A3700CC9EA2 /* AFNManager.swift in Sources */,
				8853168A20DB853600CC9EA2 /* NBHHDemo.xcdatamodeld in Sources */,
				885316A920DB8A2C00CC9EA2 /* NetworkError.swift in Sources */,
				8853168420DB853600CC9EA2 /* ViewController.swift in Sources */,
				885316B820DB8CF800CC9EA2 /* BaseViewController.swift in Sources */,
				881D87F520E0C492005B1454 /* ExtensionView.swift in Sources */,
				8853168220DB853600CC9EA2 /* AppDelegate.swift in Sources */,
				885A918220E9BFCE004BFA4A /* LoginViewModel.swift in Sources */,
				885316A520DB8A2000CC9EA2 /* AFColor.swift in Sources */,
				881D87EA20E09809005B1454 /* TestTwoViewController.swift in Sources */,
				9A6EFC7F20E51E500085551E /* ZZDiskCacheHelper.swift in Sources */,
				884A8E6320DC9AD1007CF80C /* BaseTableViewController.swift in Sources */,
				9A6EFC7A20E515AA0085551E /* MLNavigationController.m in Sources */,
				887A313120F36DE70052BB13 /* ReactiveCocoaExtension.swift in Sources */,
				884A8E6820DCA208007CF80C /* BaseRefreshViewController.swift in Sources */,
				9A077ADC20DFA93E00799922 /* TestTableViewCell.swift in Sources */,
				885316AE20DB8A3700CC9EA2 /* Manager.swift in Sources */,
				8811E2E720E5DAA60096FCBF /* BaseModel.m in Sources */,
				884A8E6620DC9C77007CF80C /* Enum.swift in Sources */,
				885A918420E9E2C5004BFA4A /* TestTwoView.swift in Sources */,
				8811E2EA20E5DAB10096FCBF /* DataModel.m in Sources */,
				881D87EF20E0B3B0005B1454 /* BaseTabBarController.swift in Sources */,
				884819B520EDFCB200A367A3 /* YF.swift in Sources */,
				885316B520DB8A8E00CC9EA2 /* LoginView.swift in Sources */,
				885BBC9320EC7D8A000881A6 /* TableViewHeightController.swift in Sources */,
				881D87F720E0C8E8005B1454 /* TestOneView.swift in Sources */,
				885316A620DB8A2000CC9EA2 /* ExtensionString.swift in Sources */,
				9A6EFC8020E51E500085551E /* String+MD5.swift in Sources */,
				8811E2E420E5D2650096FCBF /* FileUtils.m in Sources */,
				881D87E820E097FD005B1454 /* TestOneViewController.swift in Sources */,
				881D87E020E07E23005B1454 /* TestViewController.swift in Sources */,
				884819AF20EDFBD000A367A3 /* WebView.swift in Sources */,
				884819A820EDBE7100A367A3 /* MJEnum.swift in Sources */,
				9A6EFC8220E51EFB0085551E /* Student.swift in Sources */,
				8811E2E320E5D2650096FCBF /* StorageManager.m in Sources */,
				881D87F120E0BB41005B1454 /* TestOneTableViewCell.swift in Sources */,
				881D87F320E0C258005B1454 /* TestOneHeadView.swift in Sources */,
				884819B120EDFBD000A367A3 /* WkwebViewConfig.swift in Sources */,
			);
			runOnlyForDeploymentPostprocessing = 0;
		};
/* End PBXSourcesBuildPhase section */

/* Begin PBXVariantGroup section */
		8853168520DB853600CC9EA2 /* Main.storyboard */ = {
			isa = PBXVariantGroup;
			children = (
				8853168620DB853600CC9EA2 /* Base */,
			);
			name = Main.storyboard;
			sourceTree = "<group>";
		};
		8853168D20DB853900CC9EA2 /* LaunchScreen.storyboard */ = {
			isa = PBXVariantGroup;
			children = (
				8853168E20DB853900CC9EA2 /* Base */,
			);
			name = LaunchScreen.storyboard;
			sourceTree = "<group>";
		};
/* End PBXVariantGroup section */

/* Begin XCBuildConfiguration section */
		8853169120DB853900CC9EA2 /* Debug */ = {
			isa = XCBuildConfiguration;
			buildSettings = {
				ALWAYS_SEARCH_USER_PATHS = NO;
				CLANG_ANALYZER_NONNULL = YES;
				CLANG_ANALYZER_NUMBER_OBJECT_CONVERSION = YES_AGGRESSIVE;
				CLANG_CXX_LANGUAGE_STANDARD = "gnu++14";
				CLANG_CXX_LIBRARY = "libc++";
				CLANG_ENABLE_MODULES = YES;
				CLANG_ENABLE_OBJC_ARC = YES;
				CLANG_ENABLE_OBJC_WEAK = YES;
				CLANG_WARN_BLOCK_CAPTURE_AUTORELEASING = YES;
				CLANG_WARN_BOOL_CONVERSION = YES;
				CLANG_WARN_COMMA = YES;
				CLANG_WARN_CONSTANT_CONVERSION = YES;
				CLANG_WARN_DEPRECATED_OBJC_IMPLEMENTATIONS = YES;
				CLANG_WARN_DIRECT_OBJC_ISA_USAGE = YES_ERROR;
				CLANG_WARN_DOCUMENTATION_COMMENTS = YES;
				CLANG_WARN_EMPTY_BODY = YES;
				CLANG_WARN_ENUM_CONVERSION = YES;
				CLANG_WARN_INFINITE_RECURSION = YES;
				CLANG_WARN_INT_CONVERSION = YES;
				CLANG_WARN_NON_LITERAL_NULL_CONVERSION = YES;
				CLANG_WARN_OBJC_IMPLICIT_RETAIN_SELF = YES;
				CLANG_WARN_OBJC_LITERAL_CONVERSION = YES;
				CLANG_WARN_OBJC_ROOT_CLASS = YES_ERROR;
				CLANG_WARN_RANGE_LOOP_ANALYSIS = YES;
				CLANG_WARN_STRICT_PROTOTYPES = YES;
				CLANG_WARN_SUSPICIOUS_MOVE = YES;
				CLANG_WARN_UNGUARDED_AVAILABILITY = YES_AGGRESSIVE;
				CLANG_WARN_UNREACHABLE_CODE = YES;
				CLANG_WARN__DUPLICATE_METHOD_MATCH = YES;
				CODE_SIGN_IDENTITY = "iPhone Developer";
				COPY_PHASE_STRIP = NO;
				DEBUG_INFORMATION_FORMAT = dwarf;
				ENABLE_STRICT_OBJC_MSGSEND = YES;
				ENABLE_TESTABILITY = YES;
				GCC_C_LANGUAGE_STANDARD = gnu11;
				GCC_DYNAMIC_NO_PIC = NO;
				GCC_NO_COMMON_BLOCKS = YES;
				GCC_OPTIMIZATION_LEVEL = 0;
				GCC_PREPROCESSOR_DEFINITIONS = (
					"DEBUG=1",
					"$(inherited)",
				);
				GCC_WARN_64_TO_32_BIT_CONVERSION = YES;
				GCC_WARN_ABOUT_RETURN_TYPE = YES_ERROR;
				GCC_WARN_UNDECLARED_SELECTOR = YES;
				GCC_WARN_UNINITIALIZED_AUTOS = YES_AGGRESSIVE;
				GCC_WARN_UNUSED_FUNCTION = YES;
				GCC_WARN_UNUSED_VARIABLE = YES;
				IPHONEOS_DEPLOYMENT_TARGET = 11.4;
				MTL_ENABLE_DEBUG_INFO = YES;
				ONLY_ACTIVE_ARCH = YES;
				SDKROOT = iphoneos;
				SWIFT_ACTIVE_COMPILATION_CONDITIONS = DEBUG;
				SWIFT_OPTIMIZATION_LEVEL = "-Onone";
			};
			name = Debug;
		};
		8853169220DB853900CC9EA2 /* Release */ = {
			isa = XCBuildConfiguration;
			buildSettings = {
				ALWAYS_SEARCH_USER_PATHS = NO;
				CLANG_ANALYZER_NONNULL = YES;
				CLANG_ANALYZER_NUMBER_OBJECT_CONVERSION = YES_AGGRESSIVE;
				CLANG_CXX_LANGUAGE_STANDARD = "gnu++14";
				CLANG_CXX_LIBRARY = "libc++";
				CLANG_ENABLE_MODULES = YES;
				CLANG_ENABLE_OBJC_ARC = YES;
				CLANG_ENABLE_OBJC_WEAK = YES;
				CLANG_WARN_BLOCK_CAPTURE_AUTORELEASING = YES;
				CLANG_WARN_BOOL_CONVERSION = YES;
				CLANG_WARN_COMMA = YES;
				CLANG_WARN_CONSTANT_CONVERSION = YES;
				CLANG_WARN_DEPRECATED_OBJC_IMPLEMENTATIONS = YES;
				CLANG_WARN_DIRECT_OBJC_ISA_USAGE = YES_ERROR;
				CLANG_WARN_DOCUMENTATION_COMMENTS = YES;
				CLANG_WARN_EMPTY_BODY = YES;
				CLANG_WARN_ENUM_CONVERSION = YES;
				CLANG_WARN_INFINITE_RECURSION = YES;
				CLANG_WARN_INT_CONVERSION = YES;
				CLANG_WARN_NON_LITERAL_NULL_CONVERSION = YES;
				CLANG_WARN_OBJC_IMPLICIT_RETAIN_SELF = YES;
				CLANG_WARN_OBJC_LITERAL_CONVERSION = YES;
				CLANG_WARN_OBJC_ROOT_CLASS = YES_ERROR;
				CLANG_WARN_RANGE_LOOP_ANALYSIS = YES;
				CLANG_WARN_STRICT_PROTOTYPES = YES;
				CLANG_WARN_SUSPICIOUS_MOVE = YES;
				CLANG_WARN_UNGUARDED_AVAILABILITY = YES_AGGRESSIVE;
				CLANG_WARN_UNREACHABLE_CODE = YES;
				CLANG_WARN__DUPLICATE_METHOD_MATCH = YES;
				CODE_SIGN_IDENTITY = "iPhone Developer";
				COPY_PHASE_STRIP = NO;
				DEBUG_INFORMATION_FORMAT = "dwarf-with-dsym";
				ENABLE_NS_ASSERTIONS = NO;
				ENABLE_STRICT_OBJC_MSGSEND = YES;
				GCC_C_LANGUAGE_STANDARD = gnu11;
				GCC_NO_COMMON_BLOCKS = YES;
				GCC_WARN_64_TO_32_BIT_CONVERSION = YES;
				GCC_WARN_ABOUT_RETURN_TYPE = YES_ERROR;
				GCC_WARN_UNDECLARED_SELECTOR = YES;
				GCC_WARN_UNINITIALIZED_AUTOS = YES_AGGRESSIVE;
				GCC_WARN_UNUSED_FUNCTION = YES;
				GCC_WARN_UNUSED_VARIABLE = YES;
				IPHONEOS_DEPLOYMENT_TARGET = 11.4;
				MTL_ENABLE_DEBUG_INFO = NO;
				SDKROOT = iphoneos;
				SWIFT_COMPILATION_MODE = wholemodule;
				SWIFT_OPTIMIZATION_LEVEL = "-O";
				VALIDATE_PRODUCT = YES;
			};
			name = Release;
		};
		8853169420DB853900CC9EA2 /* Debug */ = {
			isa = XCBuildConfiguration;
			baseConfigurationReference = E802C2266EBB95D9EB54E0B9 /* Pods-NBHHDemo.debug.xcconfig */;
			buildSettings = {
				ASSETCATALOG_COMPILER_APPICON_NAME = AppIcon;
				CODE_SIGN_STYLE = Automatic;
				DEVELOPMENT_TEAM = 5G4LN66PPW;
				INFOPLIST_FILE = NBHHDemo/Info.plist;
				IPHONEOS_DEPLOYMENT_TARGET = 9.0;
				LD_RUNPATH_SEARCH_PATHS = "$(inherited) @executable_path/Frameworks";
				PRODUCT_BUNDLE_IDENTIFIER = com.company.NBHHDemo;
				PRODUCT_NAME = "$(TARGET_NAME)";
				SWIFT_OBJC_BRIDGING_HEADER = "NBHHDemo/ZMJKit/OC/Bridging-head.h";
				SWIFT_VERSION = 4.0;
				TARGETED_DEVICE_FAMILY = "1,2";
			};
			name = Debug;
		};
		8853169520DB853900CC9EA2 /* Release */ = {
			isa = XCBuildConfiguration;
			baseConfigurationReference = 3BFE02F5C13AF500DE664400 /* Pods-NBHHDemo.release.xcconfig */;
			buildSettings = {
				ASSETCATALOG_COMPILER_APPICON_NAME = AppIcon;
				CODE_SIGN_STYLE = Automatic;
				DEVELOPMENT_TEAM = 5G4LN66PPW;
				INFOPLIST_FILE = NBHHDemo/Info.plist;
				IPHONEOS_DEPLOYMENT_TARGET = 9.0;
				LD_RUNPATH_SEARCH_PATHS = "$(inherited) @executable_path/Frameworks";
				PRODUCT_BUNDLE_IDENTIFIER = com.company.NBHHDemo;
				PRODUCT_NAME = "$(TARGET_NAME)";
				SWIFT_OBJC_BRIDGING_HEADER = "NBHHDemo/ZMJKit/OC/Bridging-head.h";
				SWIFT_VERSION = 4.0;
				TARGETED_DEVICE_FAMILY = "1,2";
			};
			name = Release;
		};
/* End XCBuildConfiguration section */

/* Begin XCConfigurationList section */
		8853167920DB853600CC9EA2 /* Build configuration list for PBXProject "NBHHDemo" */ = {
			isa = XCConfigurationList;
			buildConfigurations = (
				8853169120DB853900CC9EA2 /* Debug */,
				8853169220DB853900CC9EA2 /* Release */,
			);
			defaultConfigurationIsVisible = 0;
			defaultConfigurationName = Release;
		};
		8853169320DB853900CC9EA2 /* Build configuration list for PBXNativeTarget "NBHHDemo" */ = {
			isa = XCConfigurationList;
			buildConfigurations = (
				8853169420DB853900CC9EA2 /* Debug */,
				8853169520DB853900CC9EA2 /* Release */,
			);
			defaultConfigurationIsVisible = 0;
			defaultConfigurationName = Release;
		};
/* End XCConfigurationList section */

/* Begin XCVersionGroup section */
		8853168820DB853600CC9EA2 /* NBHHDemo.xcdatamodeld */ = {
			isa = XCVersionGroup;
			children = (
				8853168920DB853600CC9EA2 /* NBHHDemo.xcdatamodel */,
			);
			currentVersion = 8853168920DB853600CC9EA2 /* NBHHDemo.xcdatamodel */;
			path = NBHHDemo.xcdatamodeld;
			sourceTree = "<group>";
			versionGroupType = wrapper.xcdatamodel;
		};
/* End XCVersionGroup section */
	};
	rootObject = 8853167620DB853600CC9EA2 /* Project object */;
}
